// !$*UTF8*$!
{
	archiveVersion = 1;
	classes = {
	};
	objectVersion = 46;
	objects = {

/* Begin PBXBuildFile section */
		13B215CA1A6CD54800163523 /* main.m in Sources */ = {isa = PBXBuildFile; fileRef = 13B215C91A6CD54800163523 /* main.m */; };
		13B215CD1A6CD54800163523 /* AppDelegate.m in Sources */ = {isa = PBXBuildFile; fileRef = 13B215CC1A6CD54800163523 /* AppDelegate.m */; };
		13B215D01A6CD54800163523 /* FirstViewController.m in Sources */ = {isa = PBXBuildFile; fileRef = 13B215CF1A6CD54800163523 /* FirstViewController.m */; };
		13B215D31A6CD54800163523 /* SecondViewController.m in Sources */ = {isa = PBXBuildFile; fileRef = 13B215D21A6CD54800163523 /* SecondViewController.m */; };
		13B215D81A6CD54900163523 /* Images.xcassets in Resources */ = {isa = PBXBuildFile; fileRef = 13B215D71A6CD54900163523 /* Images.xcassets */; };
		13B215DB1A6CD54900163523 /* LaunchScreen.xib in Resources */ = {isa = PBXBuildFile; fileRef = 13B215D91A6CD54900163523 /* LaunchScreen.xib */; };
		13B215E71A6CD54900163523 /* PresentTestTests.m in Sources */ = {isa = PBXBuildFile; fileRef = 13B215E61A6CD54900163523 /* PresentTestTests.m */; };
/* End PBXBuildFile section */

/* Begin PBXContainerItemProxy section */
		13B215E11A6CD54900163523 /* PBXContainerItemProxy */ = {
			isa = PBXContainerItemProxy;
			containerPortal = 13B215BC1A6CD54800163523 /* Project object */;
			proxyType = 1;
			remoteGlobalIDString = 13B215C31A6CD54800163523;
			remoteInfo = PresentTest;
		};
/* End PBXContainerItemProxy section */

/* Begin PBXFileReference section */
		13B215C41A6CD54800163523 /* PresentTest.app */ = {isa = PBXFileReference; explicitFileType = wrapper.application; includeInIndex = 0; path = PresentTest.app; sourceTree = BUILT_PRODUCTS_DIR; };
		13B215C81A6CD54800163523 /* Info.plist */ = {isa = PBXFileReference; lastKnownFileType = text.plist.xml; path = Info.plist; sourceTree = "<group>"; };
		13B215C91A6CD54800163523 /* main.m */ = {isa = PBXFileReference; lastKnownFileType = sourcecode.c.objc; path = main.m; sourceTree = "<group>"; };
		13B215CB1A6CD54800163523 /* AppDelegate.h */ = {isa = PBXFileReference; lastKnownFileType = sourcecode.c.h; path = AppDelegate.h; sourceTree = "<group>"; };
		13B215CC1A6CD54800163523 /* AppDelegate.m */ = {isa = PBXFileReference; lastKnownFileType = sourcecode.c.objc; path = AppDelegate.m; sourceTree = "<group>"; };
		13B215CE1A6CD54800163523 /* FirstViewController.h */ = {isa = PBXFileReference; lastKnownFileType = sourcecode.c.h; path = FirstViewController.h; sourceTree = "<group>"; };
		13B215CF1A6CD54800163523 /* FirstViewController.m */ = {isa = PBXFileReference; lastKnownFileType = sourcecode.c.objc; path = FirstViewController.m; sourceTree = "<group>"; };
		13B215D11A6CD54800163523 /* SecondViewController.h */ = {isa = PBXFileReference; lastKnownFileType = sourcecode.c.h; path = SecondViewController.h; sourceTree = "<group>"; };
		13B215D21A6CD54800163523 /* SecondViewController.m */ = {isa = PBXFileReference; lastKnownFileType = sourcecode.c.objc; path = SecondViewController.m; sourceTree = "<group>"; };
		13B215D71A6CD54900163523 /* Images.xcassets */ = {isa = PBXFileReference; lastKnownFileType = folder.assetcatalog; path = Images.xcassets; sourceTree = "<group>"; };
		13B215DA1A6CD54900163523 /* Base */ = {isa = PBXFileReference; lastKnownFileType = file.xib; name = Base; path = Base.lproj/LaunchScreen.xib; sourceTree = "<group>"; };
		13B215E01A6CD54900163523 /* PresentTestTests.xctest */ = {isa = PBXFileReference; explicitFileType = wrapper.cfbundle; includeInIndex = 0; path = PresentTestTests.xctest; sourceTree = BUILT_PRODUCTS_DIR; };
		13B215E51A6CD54900163523 /* Info.plist */ = {isa = PBXFileReference; lastKnownFileType = text.plist.xml; path = Info.plist; sourceTree = "<group>"; };
		13B215E61A6CD54900163523 /* PresentTestTests.m */ = {isa = PBXFileReference; lastKnownFileType = sourcecode.c.objc; path = PresentTestTests.m; sourceTree = "<group>"; };
/* End PBXFileReference section */

/* Begin PBXFrameworksBuildPhase section */
		13B215C11A6CD54800163523 /* Frameworks */ = {
			isa = PBXFrameworksBuildPhase;
			buildActionMask = 2147483647;
			files = (
			);
			runOnlyForDeploymentPostprocessing = 0;
		};
		13B215DD1A6CD54900163523 /* Frameworks */ = {
			isa = PBXFrameworksBuildPhase;
			buildActionMask = 2147483647;
			files = (
			);
			runOnlyForDeploymentPostprocessing = 0;
		};
/* End PBXFrameworksBuildPhase section */

/* Begin PBXGroup section */
		13B215BB1A6CD54800163523 = {
			isa = PBXGroup;
			children = (
				13B215C61A6CD54800163523 /* PresentTest */,
				13B215E31A6CD54900163523 /* PresentTestTests */,
				13B215C51A6CD54800163523 /* Products */,
			);
			sourceTree = "<group>";
		};
		13B215C51A6CD54800163523 /* Products */ = {
			isa = PBXGroup;
			children = (
				13B215C41A6CD54800163523 /* PresentTest.app */,
				13B215E01A6CD54900163523 /* PresentTestTests.xctest */,
			);
			name = Products;
			sourceTree = "<group>";
		};
		13B215C61A6CD54800163523 /* PresentTest */ = {
			isa = PBXGroup;
			children = (
				13B215CB1A6CD54800163523 /* AppDelegate.h */,
				13B215CC1A6CD54800163523 /* AppDelegate.m */,
				13B215CE1A6CD54800163523 /* FirstViewController.h */,
				13B215CF1A6CD54800163523 /* FirstViewController.m */,
				13B215D11A6CD54800163523 /* SecondViewController.h */,
				13B215D21A6CD54800163523 /* SecondViewController.m */,
				13B215D71A6CD54900163523 /* Images.xcassets */,
				13B215D91A6CD54900163523 /* LaunchScreen.xib */,
				13B215C71A6CD54800163523 /* Supporting Files */,
			);
			path = PresentTest;
			sourceTree = "<group>";
		};
		13B215C71A6CD54800163523 /* Supporting Files */ = {
			isa = PBXGroup;
			children = (
				13B215C81A6CD54800163523 /* Info.plist */,
				13B215C91A6CD54800163523 /* main.m */,
			);
			name = "Supporting Files";
			sourceTree = "<group>";
		};
		13B215E31A6CD54900163523 /* PresentTestTests */ = {
			isa = PBXGroup;
			children = (
				13B215E61A6CD54900163523 /* PresentTestTests.m */,
				13B215E41A6CD54900163523 /* Supporting Files */,
			);
			path = PresentTestTests;
			sourceTree = "<group>";
		};
		13B215E41A6CD54900163523 /* Supporting Files */ = {
			isa = PBXGroup;
			children = (
				13B215E51A6CD54900163523 /* Info.plist */,
			);
			name = "Supporting Files";
			sourceTree = "<group>";
		};
/* End PBXGroup section */

/* Begin PBXNativeTarget section */
		13B215C31A6CD54800163523 /* PresentTest */ = {
			isa = PBXNativeTarget;
			buildConfigurationList = 13B215EA1A6CD54900163523 /* Build configuration list for PBXNativeTarget "PresentTest" */;
			buildPhases = (
				13B215C01A6CD54800163523 /* Sources */,
				13B215C11A6CD54800163523 /* Frameworks */,
				13B215C21A6CD54800163523 /* Resources */,
			);
			buildRules = (
			);
			dependencies = (
			);
			name = PresentTest;
			productName = PresentTest;
			productReference = 13B215C41A6CD54800163523 /* PresentTest.app */;
			productType = "com.apple.product-type.application";
		};
		13B215DF1A6CD54900163523 /* PresentTestTests */ = {
			isa = PBXNativeTarget;
			buildConfigurationList = 13B215ED1A6CD54900163523 /* Build configuration list for PBXNativeTarget "PresentTestTests" */;
			buildPhases = (
				13B215DC1A6CD54900163523 /* Sources */,
				13B215DD1A6CD54900163523 /* Frameworks */,
				13B215DE1A6CD54900163523 /* Resources */,
			);
			buildRules = (
			);
			dependencies = (
				13B215E21A6CD54900163523 /* PBXTargetDependency */,
			);
			name = PresentTestTests;
			productName = PresentTestTests;
			productReference = 13B215E01A6CD54900163523 /* PresentTestTests.xctest */;
			productType = "com.apple.product-type.bundle.unit-test";
		};
/* End PBXNativeTarget section */

/* Begin PBXProject section */
		13B215BC1A6CD54800163523 /* Project object */ = {
			isa = PBXProject;
			attributes = {
				LastUpgradeCheck = 0610;
				ORGANIZATIONNAME = "Andrew Romanov";
				TargetAttributes = {
					13B215C31A6CD54800163523 = {
						CreatedOnToolsVersion = 6.1.1;
					};
					13B215DF1A6CD54900163523 = {
						CreatedOnToolsVersion = 6.1.1;
						TestTargetID = 13B215C31A6CD54800163523;
					};
				};
			};
			buildConfigurationList = 13B215BF1A6CD54800163523 /* Build configuration list for PBXProject "PresentTest" */;
			compatibilityVersion = "Xcode 3.2";
			developmentRegion = English;
			hasScannedForEncodings = 0;
			knownRegions = (
				en,
				Base,
			);
			mainGroup = 13B215BB1A6CD54800163523;
			productRefGroup = 13B215C51A6CD54800163523 /* Products */;
			projectDirPath = "";
			projectRoot = "";
			targets = (
				13B215C31A6CD54800163523 /* PresentTest */,
				13B215DF1A6CD54900163523 /* PresentTestTests */,
			);
		};
/* End PBXProject section */

/* Begin PBXResourcesBuildPhase section */
		13B215C21A6CD54800163523 /* Resources */ = {
			isa = PBXResourcesBuildPhase;
			buildActionMask = 2147483647;
			files = (
				13B215DB1A6CD54900163523 /* LaunchScreen.xib in Resources */,
				13B215D81A6CD54900163523 /* Images.xcassets in Resources */,
			);
			runOnlyForDeploymentPostprocessing = 0;
		};
		13B215DE1A6CD54900163523 /* Resources */ = {
			isa = PBXResourcesBuildPhase;
			buildActionMask = 2147483647;
			files = (
			);
			runOnlyForDeploymentPostprocessing = 0;
		};
/* End PBXResourcesBuildPhase section */

/* Begin PBXSourcesBuildPhase section */
		13B215C01A6CD54800163523 /* Sources */ = {
			isa = PBXSourcesBuildPhase;
			buildActionMask = 2147483647;
			files = (
				13B215D31A6CD54800163523 /* SecondViewController.m in Sources */,
				13B215CD1A6CD54800163523 /* AppDelegate.m in Sources */,
				13B215D01A6CD54800163523 /* FirstViewController.m in Sources */,
				13B215CA1A6CD54800163523 /* main.m in Sources */,
			);
			runOnlyForDeploymentPostprocessing = 0;
		};
		13B215DC1A6CD54900163523 /* Sources */ = {
			isa = PBXSourcesBuildPhase;
			buildActionMask = 2147483647;
			files = (
				13B215E71A6CD54900163523 /* PresentTestTests.m in Sources */,
			);
			runOnlyForDeploymentPostprocessing = 0;
		};
/* End PBXSourcesBuildPhase section */

/* Begin PBXTargetDependency section */
		13B215E21A6CD54900163523 /* PBXTargetDependency */ = {
			isa = PBXTargetDependency;
			target = 13B215C31A6CD54800163523 /* PresentTest */;
			targetProxy = 13B215E11A6CD54900163523 /* PBXContainerItemProxy */;
		};
/* End PBXTargetDependency section */

/* Begin PBXVariantGroup section */
		13B215D91A6CD54900163523 /* LaunchScreen.xib */ = {
			isa = PBXVariantGroup;
			children = (
				13B215DA1A6CD54900163523 /* Base */,
			);
			name = LaunchScreen.xib;
			sourceTree = "<group>";
		};
/* End PBXVariantGroup section */

/* Begin XCBuildConfiguration section */
		13B215E81A6CD54900163523 /* Debug */ = {
			isa = XCBuildConfiguration;
			buildSettings = {
				ALWAYS_SEARCH_USER_PATHS = NO;
				CLANG_CXX_LANGUAGE_STANDARD = "gnu++0x";
				CLANG_CXX_LIBRARY = "libc++";
				CLANG_ENABLE_MODULES = YES;
				CLANG_ENABLE_OBJC_ARC = YES;
				CLANG_WARN_BOOL_CONVERSION = YES;
				CLANG_WARN_CONSTANT_CONVERSION = YES;
				CLANG_WARN_DIRECT_OBJC_ISA_USAGE = YES_ERROR;
				CLANG_WARN_EMPTY_BODY = YES;
				CLANG_WARN_ENUM_CONVERSION = YES;
				CLANG_WARN_INT_CONVERSION = YES;
				CLANG_WARN_OBJC_ROOT_CLASS = YES_ERROR;
				CLANG_WARN_UNREACHABLE_CODE = YES;
				CLANG_WARN__DUPLICATE_METHOD_MATCH = YES;
				"CODE_SIGN_IDENTITY[sdk=iphoneos*]" = "iPhone Developer";
				COPY_PHASE_STRIP = NO;
				ENABLE_STRICT_OBJC_MSGSEND = YES;
				GCC_C_LANGUAGE_STANDARD = gnu99;
				GCC_DYNAMIC_NO_PIC = NO;
				GCC_OPTIMIZATION_LEVEL = 0;
				GCC_PREPROCESSOR_DEFINITIONS = (
					"DEBUG=1",
					"$(inherited)",
				);
				GCC_SYMBOLS_PRIVATE_EXTERN = NO;
				GCC_WARN_64_TO_32_BIT_CONVERSION = YES;
				GCC_WARN_ABOUT_RETURN_TYPE = YES_ERROR;
				GCC_WARN_UNDECLARED_SELECTOR = YES;
				GCC_WARN_UNINITIALIZED_AUTOS = YES_AGGRESSIVE;
				GCC_WARN_UNUSED_FUNCTION = YES;
				GCC_WARN_UNUSED_VARIABLE = YES;
				IPHONEOS_DEPLOYMENT_TARGET = 8.1;
				MTL_ENABLE_DEBUG_INFO = YES;
				ONLY_ACTIVE_ARCH = YES;
				SDKROOT = iphoneos;
				TARGETED_DEVICE_FAMILY = "1,2";
			};
			name = Debug;
		};
		13B215E91A6CD54900163523 /* Release */ = {
			isa = XCBuildConfiguration;
			buildSettings = {
				ALWAYS_SEARCH_USER_PATHS = NO;
				CLANG_CXX_LANGUAGE_STANDARD = "gnu++0x";
				CLANG_CXX_LIBRARY = "libc++";
				CLANG_ENABLE_MODULES = YES;
				CLANG_ENABLE_OBJC_ARC = YES;
				CLANG_WARN_BOOL_CONVERSION = YES;
				CLANG_WARN_CONSTANT_CONVERSION = YES;
				CLANG_WARN_DIRECT_OBJC_ISA_USAGE = YES_ERROR;
				CLANG_WARN_EMPTY_BODY = YES;
				CLANG_WARN_ENUM_CONVERSION = YES;
				CLANG_WARN_INT_CONVERSION = YES;
				CLANG_WARN_OBJC_ROOT_CLASS = YES_ERROR;
				CLANG_WARN_UNREACHABLE_CODE = YES;
				CLANG_WARN__DUPLICATE_METHOD_MATCH = YES;
				"CODE_SIGN_IDENTITY[sdk=iphoneos*]" = "iPhone Developer";
				COPY_PHASE_STRIP = YES;
				ENABLE_NS_ASSERTIONS = NO;
				ENABLE_STRICT_OBJC_MSGSEND = YES;
				GCC_C_LANGUAGE_STANDARD = gnu99;
				GCC_WARN_64_TO_32_BIT_CONVERSION = YES;
				GCC_WARN_ABOUT_RETURN_TYPE = YES_ERROR;
				GCC_WARN_UNDECLARED_SELECTOR = YES;
				GCC_WARN_UNINITIALIZED_AUTOS = YES_AGGRESSIVE;
				GCC_WARN_UNUSED_FUNCTION = YES;
				GCC_WARN_UNUSED_VARIABLE = YES;
				IPHONEOS_DEPLOYMENT_TARGET = 8.1;
				MTL_ENABLE_DEBUG_INFO = NO;
				SDKROOT = iphoneos;
				TARGETED_DEVICE_FAMILY = "1,2";
				VALIDATE_PRODUCT = YES;
			};
			name = Release;
		};
		13B215EB1A6CD54900163523 /* Debug */ = {
			isa = XCBuildConfiguration;
			buildSettings = {
				ASSETCATALOG_COMPILER_APPICON_NAME = AppIcon;
				INFOPLIST_FILE = PresentTest/Info.plist;
				LD_RUNPATH_SEARCH_PATHS = "$(inherited) @executable_path/Frameworks";
				PRODUCT_NAME = "$(TARGET_NAME)";
			};
			name = Debug;
		};
		13B215EC1A6CD54900163523 /* Release */ = {
			isa = XCBuildConfiguration;
			buildSettings = {
				ASSETCATALOG_COMPILER_APPICON_NAME = AppIcon;
				INFOPLIST_FILE = PresentTest/Info.plist;
				LD_RUNPATH_SEARCH_PATHS = "$(inherited) @executable_path/Frameworks";
				PRODUCT_NAME = "$(TARGET_NAME)";
			};
			name = Release;
		};
		13B215EE1A6CD54900163523 /* Debug */ = {
			isa = XCBuildConfiguration;
			buildSettings = {
				BUNDLE_LOADER = "$(TEST_HOST)";
				FRAMEWORK_SEARCH_PATHS = (
					"$(SDKROOT)/Developer/Library/Frameworks",
					"$(inherited)",
				);
				GCC_PREPROCESSOR_DEFINITIONS = (
					"DEBUG=1",
					"$(inherited)",
				);
				INFOPLIST_FILE = PresentTestTests/Info.plist;
				LD_RUNPATH_SEARCH_PATHS = "$(inherited) @executable_path/Frameworks @loader_path/Frameworks";
				PRODUCT_NAME = "$(TARGET_NAME)";
				TEST_HOST = "$(BUILT_PRODUCTS_DIR)/PresentTest.app/PresentTest";
			};
			name = Debug;
		};
		13B215EF1A6CD54900163523 /* Release */ = {
			isa = XCBuildConfiguration;
			buildSettings = {
				BUNDLE_LOADER = "$(TEST_HOST)";
				FRAMEWORK_SEARCH_PATHS = (
					"$(SDKROOT)/Developer/Library/Frameworks",
					"$(inherited)",
				);
				INFOPLIST_FILE = PresentTestTests/Info.plist;
				LD_RUNPATH_SEARCH_PATHS = "$(inherited) @executable_path/Frameworks @loader_path/Frameworks";
				PRODUCT_NAME = "$(TARGET_NAME)";
				TEST_HOST = "$(BUILT_PRODUCTS_DIR)/PresentTest.app/PresentTest";
			};
			name = Release;
		};
/* End XCBuildConfiguration section */

/* Begin XCConfigurationList section */
		13B215BF1A6CD54800163523 /* Build configuration list for PBXProject "PresentTest" */ = {
			isa = XCConfigurationList;
			buildConfigurations = (
				13B215E81A6CD54900163523 /* Debug */,
				13B215E91A6CD54900163523 /* Release */,
			);
			defaultConfigurationIsVisible = 0;
			defaultConfigurationName = Release;
		};
		13B215EA1A6CD54900163523 /* Build configuration list for PBXNativeTarget "PresentTest" */ = {
			isa = XCConfigurationList;
			buildConfigurations = (
				13B215EB1A6CD54900163523 /* Debug */,
				13B215EC1A6CD54900163523 /* Release */,
			);
			defaultConfigurationIsVisible = 0;
		};
		13B215ED1A6CD54900163523 /* Build configuration list for PBXNativeTarget "PresentTestTests" */ = {
			isa = XCConfigurationList;
			buildConfigurations = (
				13B215EE1A6CD54900163523 /* Debug */,
				13B215EF1A6CD54900163523 /* Release */,
			);
			defaultConfigurationIsVisible = 0;
		};
/* End XCConfigurationList section */
	};
	rootObject = 13B215BC1A6CD54800163523 /* Project object */;
}
